{
  "name": "teacher-vacancy-service",
  "requires": true,
  "lockfileVersion": 1,
  "dependencies": {
    "govuk-frontend": {
      "version": "1.1.1",
      "resolved": "https://registry.npmjs.org/govuk-frontend/-/govuk-frontend-1.1.1.tgz",
      "integrity": "sha512-Ut4BWcW4LZrHMe5E+0+Py6yScoguDnZ17GohA2okbTw/nzhp4st2p1AK9N9dvqaLYS1yw0pcfgRP5jzyCZ14QQ=="
    }
  }
}
