{
  "name": "teacher-vacancy-service",
  "requires": true,
  "lockfileVersion": 1,
  "dependencies": {
    "govuk-frontend": {
      "version": "3.0.0",
      "resolved": "https://registry.npmjs.org/govuk-frontend/-/govuk-frontend-3.0.0.tgz",
      "integrity": "sha512-GCrEeaQZEnsthNtfmOUFlgsieNjHOeoamSWMdD4Gdq0RPxCA9uzfrT2i3jVnlBORekKjOL0C8eFZQBSNnjtz2A=="
    }
  }
}
